// !$*UTF8*$!
{
	archiveVersion = 1;
	classes = {
	};
	objectVersion = 46;
	objects = {

/* Begin PBXBuildFile section */
		1808B1AB1C4581070036E924 /* main.swift in Sources */ = {isa = PBXBuildFile; fileRef = 1808B1AA1C4581070036E924 /* main.swift */; };
		18E16D691C45D8280084EF54 /* CuckooGeneratorFramework.h in Headers */ = {isa = PBXBuildFile; fileRef = 18E16D681C45D8280084EF54 /* CuckooGeneratorFramework.h */; settings = {ATTRIBUTES = (Public, ); }; };
		18E16D831C45D8B30084EF54 /* Utils.swift in Sources */ = {isa = PBXBuildFile; fileRef = 18E16D511C45A6890084EF54 /* Utils.swift */; };
		18E16D841C45D8B30084EF54 /* Tokenizer.swift in Sources */ = {isa = PBXBuildFile; fileRef = 18E16D531C45A6AF0084EF54 /* Tokenizer.swift */; };
		18E16D871C45D8B30084EF54 /* FileHeaderHandler.swift in Sources */ = {isa = PBXBuildFile; fileRef = 18E16D591C45A85E0084EF54 /* FileHeaderHandler.swift */; };
		18E16D991C45DF7F0084EF54 /* Components.plist in Resources */ = {isa = PBXBuildFile; fileRef = 18E16D981C45DF7F0084EF54 /* Components.plist */; };
		18F2BC1D1C46E8E30015A95F /* Generator.swift in Sources */ = {isa = PBXBuildFile; fileRef = 18F2BC1B1C46E8760015A95F /* Generator.swift */; };
		DC4094301D13F91F006FB137 /* Import.swift in Sources */ = {isa = PBXBuildFile; fileRef = DC40942E1D13F8FA006FB137 /* Import.swift */; };
		DC4094861D140184006FB137 /* ExtensionDeclaration.swift in Sources */ = {isa = PBXBuildFile; fileRef = DC4094651D140180006FB137 /* ExtensionDeclaration.swift */; };
		DC5176351D2EE8F700E922F2 /* CodeBuilder.swift in Sources */ = {isa = PBXBuildFile; fileRef = DC5176331D2EE4D300E922F2 /* CodeBuilder.swift */; };
		DC5C26E61D0E9DA200630D49 /* VersionCommand.swift in Sources */ = {isa = PBXBuildFile; fileRef = DC5C26E51D0E9DA200630D49 /* VersionCommand.swift */; };
		DC5E8FD71D0DA57E00EFCA76 /* FileKit.framework in Frameworks */ = {isa = PBXBuildFile; fileRef = DC1AB5DB1D0D9F0C00867895 /* FileKit.framework */; };
		DC5E8FD91D0DA57E00EFCA76 /* SourceKittenFramework.framework in Frameworks */ = {isa = PBXBuildFile; fileRef = DC1AB5ED1D0D9F1600867895 /* SourceKittenFramework.framework */; };
		DC5E8FDA1D0DA57E00EFCA76 /* SWXMLHash.framework in Frameworks */ = {isa = PBXBuildFile; fileRef = DC1AB61A1D0D9F8600867895 /* SWXMLHash.framework */; };
		DC5E8FDB1D0DA57E00EFCA76 /* Yaml.framework in Frameworks */ = {isa = PBXBuildFile; fileRef = DC1AB62D1D0D9FE500867895 /* Yaml.framework */; };
		DC5E8FDD1D0DA5D900EFCA76 /* SWXMLHash.framework in Embed Frameworks */ = {isa = PBXBuildFile; fileRef = DC1AB61A1D0D9F8600867895 /* SWXMLHash.framework */; settings = {ATTRIBUTES = (CodeSignOnCopy, RemoveHeadersOnCopy, ); }; };
		DC5E8FDF1D0DA5D900EFCA76 /* SourceKittenFramework.framework in Embed Frameworks */ = {isa = PBXBuildFile; fileRef = DC1AB5ED1D0D9F1600867895 /* SourceKittenFramework.framework */; settings = {ATTRIBUTES = (CodeSignOnCopy, RemoveHeadersOnCopy, ); }; };
		DC5E8FE31D0DA60500EFCA76 /* FileKit.framework in Embed Frameworks */ = {isa = PBXBuildFile; fileRef = DC1AB5DB1D0D9F0C00867895 /* FileKit.framework */; settings = {ATTRIBUTES = (CodeSignOnCopy, RemoveHeadersOnCopy, ); }; };
		DC5E8FE61D0DA61B00EFCA76 /* Yaml.framework in Embed Frameworks */ = {isa = PBXBuildFile; fileRef = DC1AB62D1D0D9FE500867895 /* Yaml.framework */; settings = {ATTRIBUTES = (CodeSignOnCopy, RemoveHeadersOnCopy, ); }; };
		DC8C4EE01CF9AF1C005213F8 /* CuckooGeneratorFramework.framework in Frameworks */ = {isa = PBXBuildFile; fileRef = 18E16D661C45D8280084EF54 /* CuckooGeneratorFramework.framework */; };
		DC8C4EE11CF9AF1C005213F8 /* CuckooGeneratorFramework.framework in Embed Frameworks */ = {isa = PBXBuildFile; fileRef = 18E16D661C45D8280084EF54 /* CuckooGeneratorFramework.framework */; settings = {ATTRIBUTES = (CodeSignOnCopy, RemoveHeadersOnCopy, ); }; };
		DC9EFA721CFC4F4D0034DFE5 /* Key.swift in Sources */ = {isa = PBXBuildFile; fileRef = DC9EFA581CFC4F420034DFE5 /* Key.swift */; };
		DC9EFA731CFC4F4D0034DFE5 /* Kinds.swift in Sources */ = {isa = PBXBuildFile; fileRef = DC9EFA591CFC4F420034DFE5 /* Kinds.swift */; };
		DC9EFA741CFC4F4D0034DFE5 /* Accessibility.swift in Sources */ = {isa = PBXBuildFile; fileRef = DC9EFA5A1CFC4F420034DFE5 /* Accessibility.swift */; };
		DC9EFA761CFC4F4D0034DFE5 /* FileRepresentation.swift in Sources */ = {isa = PBXBuildFile; fileRef = DC9EFA5C1CFC4F420034DFE5 /* FileRepresentation.swift */; };
		DC9EFA771CFC4F4D0034DFE5 /* Token.swift in Sources */ = {isa = PBXBuildFile; fileRef = DC9EFA5D1CFC4F420034DFE5 /* Token.swift */; };
		DC9EFA781CFC4F4D0034DFE5 /* ContainerToken.swift in Sources */ = {isa = PBXBuildFile; fileRef = DC9EFA5E1CFC4F420034DFE5 /* ContainerToken.swift */; };
		DC9EFA791CFC4F4D0034DFE5 /* ProtocolDeclaration.swift in Sources */ = {isa = PBXBuildFile; fileRef = DC9EFA5F1CFC4F420034DFE5 /* ProtocolDeclaration.swift */; };
		DC9EFA7A1CFC4F4D0034DFE5 /* ClassDeclaration.swift in Sources */ = {isa = PBXBuildFile; fileRef = DC9EFA601CFC4F420034DFE5 /* ClassDeclaration.swift */; };
		DC9EFA7B1CFC4F4D0034DFE5 /* Method.swift in Sources */ = {isa = PBXBuildFile; fileRef = DC9EFA611CFC4F420034DFE5 /* Method.swift */; };
		DC9EFA7C1CFC4F4D0034DFE5 /* ProtocolMethod.swift in Sources */ = {isa = PBXBuildFile; fileRef = DC9EFA621CFC4F420034DFE5 /* ProtocolMethod.swift */; };
		DC9EFA7D1CFC4F4D0034DFE5 /* Initializer.swift in Sources */ = {isa = PBXBuildFile; fileRef = DC9EFA631CFC4F420034DFE5 /* Initializer.swift */; };
		DC9EFA7E1CFC4F4D0034DFE5 /* MethodParameter.swift in Sources */ = {isa = PBXBuildFile; fileRef = DC9EFA641CFC4F420034DFE5 /* MethodParameter.swift */; };
		DC9EFA901CFC50070034DFE5 /* ClassMethod.swift in Sources */ = {isa = PBXBuildFile; fileRef = DC9EFA7F1CFC4FCF0034DFE5 /* ClassMethod.swift */; };
		DC9EFA911CFC50070034DFE5 /* InstanceVariable.swift in Sources */ = {isa = PBXBuildFile; fileRef = DC9EFA801CFC4FCF0034DFE5 /* InstanceVariable.swift */; };
		DCAD1EA51D0DA9CB0091EECE /* Result.framework in Frameworks */ = {isa = PBXBuildFile; fileRef = DCAD1E961D0DA9B70091EECE /* Result.framework */; };
		DCAD1EBA1D0DB2B90091EECE /* Result.framework in Embed Frameworks */ = {isa = PBXBuildFile; fileRef = DCAD1E961D0DA9B70091EECE /* Result.framework */; settings = {ATTRIBUTES = (CodeSignOnCopy, RemoveHeadersOnCopy, ); }; };
		DCAD1F131D0DB64E0091EECE /* Commandant.framework in Frameworks */ = {isa = PBXBuildFile; fileRef = DCAD1ECC1D0DB3640091EECE /* Commandant.framework */; };
		DCAD1F141D0DB6540091EECE /* Commandant.framework in Embed Frameworks */ = {isa = PBXBuildFile; fileRef = DCAD1ECC1D0DB3640091EECE /* Commandant.framework */; settings = {ATTRIBUTES = (CodeSignOnCopy, RemoveHeadersOnCopy, ); }; };
		DCDEE5141CFF124E007F18BC /* CuckooGeneratorError.swift in Sources */ = {isa = PBXBuildFile; fileRef = DCDEE5101CFF124E007F18BC /* CuckooGeneratorError.swift */; };
		DCDEE5151CFF124E007F18BC /* GenerateMocksCommand.swift in Sources */ = {isa = PBXBuildFile; fileRef = DCDEE5111CFF124E007F18BC /* GenerateMocksCommand.swift */; };
		DCE2DDEF1E06F073006E462C /* StderrPrint.swift in Sources */ = {isa = PBXBuildFile; fileRef = DCE2DDEE1E06F073006E462C /* StderrPrint.swift */; };
/* End PBXBuildFile section */

/* Begin PBXContainerItemProxy section */
		DC1AB5DA1D0D9F0C00867895 /* PBXContainerItemProxy */ = {
			isa = PBXContainerItemProxy;
			containerPortal = DC1AB5D21D0D9F0B00867895 /* FileKit.xcodeproj */;
			proxyType = 2;
			remoteGlobalIDString = 5204B84B1B96B83800AA473F;
			remoteInfo = "FileKit-OSX";
		};
		DC1AB5DC1D0D9F0C00867895 /* PBXContainerItemProxy */ = {
			isa = PBXContainerItemProxy;
			containerPortal = DC1AB5D21D0D9F0B00867895 /* FileKit.xcodeproj */;
			proxyType = 2;
			remoteGlobalIDString = 5204B8581B96B85E00AA473F;
			remoteInfo = "FileKit-iOS";
		};
		DC1AB5DE1D0D9F0C00867895 /* PBXContainerItemProxy */ = {
			isa = PBXContainerItemProxy;
			containerPortal = DC1AB5D21D0D9F0B00867895 /* FileKit.xcodeproj */;
			proxyType = 2;
			remoteGlobalIDString = 527612421BAEA3EE00503D0A;
			remoteInfo = "FileKit-watchOS";
		};
		DC1AB5E01D0D9F0C00867895 /* PBXContainerItemProxy */ = {
			isa = PBXContainerItemProxy;
			containerPortal = DC1AB5D21D0D9F0B00867895 /* FileKit.xcodeproj */;
			proxyType = 2;
			remoteGlobalIDString = 52B938B31BF3C3E5001B7AEB;
			remoteInfo = "FileKit-tvOS";
		};
		DC1AB5E21D0D9F0C00867895 /* PBXContainerItemProxy */ = {
			isa = PBXContainerItemProxy;
			containerPortal = DC1AB5D21D0D9F0B00867895 /* FileKit.xcodeproj */;
			proxyType = 2;
			remoteGlobalIDString = 5263A9041B96BA3D00635A93;
			remoteInfo = FileKitTests;
		};
		DC1AB5EA1D0D9F1600867895 /* PBXContainerItemProxy */ = {
			isa = PBXContainerItemProxy;
			containerPortal = DC1AB5E41D0D9F1600867895 /* sourcekitten.xcodeproj */;
			proxyType = 2;
			remoteGlobalIDString = D0E7B63219E9C64500EDBA4D;
			remoteInfo = sourcekitten;
		};
		DC1AB5EC1D0D9F1600867895 /* PBXContainerItemProxy */ = {
			isa = PBXContainerItemProxy;
			containerPortal = DC1AB5E41D0D9F1600867895 /* sourcekitten.xcodeproj */;
			proxyType = 2;
			remoteGlobalIDString = D0D1216D19E87B05005E4BAA;
			remoteInfo = SourceKittenFramework;
		};
		DC1AB5EE1D0D9F1600867895 /* PBXContainerItemProxy */ = {
			isa = PBXContainerItemProxy;
			containerPortal = DC1AB5E41D0D9F1600867895 /* sourcekitten.xcodeproj */;
			proxyType = 2;
			remoteGlobalIDString = D0D1217719E87B05005E4BAA;
			remoteInfo = SourceKittenFrameworkTests;
		};
		DC1AB6151D0D9F8600867895 /* PBXContainerItemProxy */ = {
			isa = PBXContainerItemProxy;
			containerPortal = DC1AB60B1D0D9F8600867895 /* SWXMLHash.xcodeproj */;
			proxyType = 2;
			remoteGlobalIDString = CD6083EF196CA106000B4F8D;
			remoteInfo = "SWXMLHash iOS";
		};
		DC1AB6171D0D9F8600867895 /* PBXContainerItemProxy */ = {
			isa = PBXContainerItemProxy;
			containerPortal = DC1AB60B1D0D9F8600867895 /* SWXMLHash.xcodeproj */;
			proxyType = 2;
			remoteGlobalIDString = CD6083FA196CA106000B4F8D;
			remoteInfo = "SWXMLHash iOS Tests";
		};
		DC1AB6191D0D9F8600867895 /* PBXContainerItemProxy */ = {
			isa = PBXContainerItemProxy;
			containerPortal = DC1AB60B1D0D9F8600867895 /* SWXMLHash.xcodeproj */;
			proxyType = 2;
			remoteGlobalIDString = CD9D052C1A757D8B003CCB21;
			remoteInfo = "SWXMLHash OSX";
		};
		DC1AB61B1D0D9F8600867895 /* PBXContainerItemProxy */ = {
			isa = PBXContainerItemProxy;
			containerPortal = DC1AB60B1D0D9F8600867895 /* SWXMLHash.xcodeproj */;
			proxyType = 2;
			remoteGlobalIDString = CD9D05361A757D8B003CCB21;
			remoteInfo = "SWXMLHash OSX Tests";
		};
		DC1AB61D1D0D9F8600867895 /* PBXContainerItemProxy */ = {
			isa = PBXContainerItemProxy;
			containerPortal = DC1AB60B1D0D9F8600867895 /* SWXMLHash.xcodeproj */;
			proxyType = 2;
			remoteGlobalIDString = CDDEC74C1BF6311A00AB138B;
			remoteInfo = "SWXMLHash tvOS";
		};
		DC1AB61F1D0D9F8600867895 /* PBXContainerItemProxy */ = {
			isa = PBXContainerItemProxy;
			containerPortal = DC1AB60B1D0D9F8600867895 /* SWXMLHash.xcodeproj */;
			proxyType = 2;
			remoteGlobalIDString = CDDEC7551BF6311B00AB138B;
			remoteInfo = "SWXMLHash tvOS Tests";
		};
		DC1AB6211D0D9F8600867895 /* PBXContainerItemProxy */ = {
			isa = PBXContainerItemProxy;
			containerPortal = DC1AB60B1D0D9F8600867895 /* SWXMLHash.xcodeproj */;
			proxyType = 2;
			remoteGlobalIDString = CDDEC7681BF6316C00AB138B;
			remoteInfo = "SWXMLHash watchOS";
		};
		DC1AB62C1D0D9FE500867895 /* PBXContainerItemProxy */ = {
			isa = PBXContainerItemProxy;
			containerPortal = DC1AB6231D0D9FE500867895 /* Yaml.xcodeproj */;
			proxyType = 2;
			remoteGlobalIDString = 8E1D76211B258FEE0022C013;
			remoteInfo = "Yaml OSX";
		};
		DC1AB62E1D0D9FE500867895 /* PBXContainerItemProxy */ = {
			isa = PBXContainerItemProxy;
			containerPortal = DC1AB6231D0D9FE500867895 /* Yaml.xcodeproj */;
			proxyType = 2;
			remoteGlobalIDString = 8E1D762C1B258FEE0022C013;
			remoteInfo = "Tests OSX";
		};
		DC1AB6301D0D9FE500867895 /* PBXContainerItemProxy */ = {
			isa = PBXContainerItemProxy;
			containerPortal = DC1AB6231D0D9FE500867895 /* Yaml.xcodeproj */;
			proxyType = 2;
			remoteGlobalIDString = F32DF2581B73054C0011046A;
			remoteInfo = "Yaml iOS";
		};
		DC1AB6321D0D9FE500867895 /* PBXContainerItemProxy */ = {
			isa = PBXContainerItemProxy;
			containerPortal = DC1AB6231D0D9FE500867895 /* Yaml.xcodeproj */;
			proxyType = 2;
			remoteGlobalIDString = F32DF2611B73054C0011046A;
			remoteInfo = "Tests iOS";
		};
		DC1AB6341D0D9FE500867895 /* PBXContainerItemProxy */ = {
			isa = PBXContainerItemProxy;
			containerPortal = DC1AB6231D0D9FE500867895 /* Yaml.xcodeproj */;
			proxyType = 2;
			remoteGlobalIDString = 8313C4291C8DC2CB00DEF215;
			remoteInfo = "Yaml tvOS";
		};
		DC1AB6361D0D9FE500867895 /* PBXContainerItemProxy */ = {
			isa = PBXContainerItemProxy;
			containerPortal = DC1AB6231D0D9FE500867895 /* Yaml.xcodeproj */;
			proxyType = 2;
			remoteGlobalIDString = 8313C4321C8DC2CB00DEF215;
			remoteInfo = "Tests tvOS";
		};
		DC8C4EE21CF9AF1C005213F8 /* PBXContainerItemProxy */ = {
			isa = PBXContainerItemProxy;
			containerPortal = 1808B1581C4575AA0036E924 /* Project object */;
			proxyType = 1;
			remoteGlobalIDString = 18E16D651C45D8280084EF54;
			remoteInfo = CuckooGeneratorFramework;
		};
		DCAD1E951D0DA9B70091EECE /* PBXContainerItemProxy */ = {
			isa = PBXContainerItemProxy;
			containerPortal = DCAD1E8A1D0DA9B60091EECE /* Result.xcodeproj */;
			proxyType = 2;
			remoteGlobalIDString = D45480571A9572F5009D7229;
			remoteInfo = "Result-Mac";
		};
		DCAD1E971D0DA9B70091EECE /* PBXContainerItemProxy */ = {
			isa = PBXContainerItemProxy;
			containerPortal = DCAD1E8A1D0DA9B60091EECE /* Result.xcodeproj */;
			proxyType = 2;
			remoteGlobalIDString = D45480671A9572F5009D7229;
			remoteInfo = "Result-MacTests";
		};
		DCAD1E991D0DA9B70091EECE /* PBXContainerItemProxy */ = {
			isa = PBXContainerItemProxy;
			containerPortal = DCAD1E8A1D0DA9B60091EECE /* Result.xcodeproj */;
			proxyType = 2;
			remoteGlobalIDString = D454807D1A957361009D7229;
			remoteInfo = "Result-iOS";
		};
		DCAD1E9B1D0DA9B70091EECE /* PBXContainerItemProxy */ = {
			isa = PBXContainerItemProxy;
			containerPortal = DCAD1E8A1D0DA9B60091EECE /* Result.xcodeproj */;
			proxyType = 2;
			remoteGlobalIDString = D45480871A957362009D7229;
			remoteInfo = "Result-iOSTests";
		};
		DCAD1E9D1D0DA9B70091EECE /* PBXContainerItemProxy */ = {
			isa = PBXContainerItemProxy;
			containerPortal = DCAD1E8A1D0DA9B60091EECE /* Result.xcodeproj */;
			proxyType = 2;
			remoteGlobalIDString = 57FCDE471BA280DC00130C48;
			remoteInfo = "Result-tvOS";
		};
		DCAD1E9F1D0DA9B70091EECE /* PBXContainerItemProxy */ = {
			isa = PBXContainerItemProxy;
			containerPortal = DCAD1E8A1D0DA9B60091EECE /* Result.xcodeproj */;
			proxyType = 2;
			remoteGlobalIDString = 57FCDE541BA280E000130C48;
			remoteInfo = "Result-tvOSTests";
		};
		DCAD1EA11D0DA9B70091EECE /* PBXContainerItemProxy */ = {
			isa = PBXContainerItemProxy;
			containerPortal = DCAD1E8A1D0DA9B60091EECE /* Result.xcodeproj */;
			proxyType = 2;
			remoteGlobalIDString = D03579A31B2B788F005D26AE;
			remoteInfo = "Result-watchOS";
		};
		DCAD1EA31D0DA9B70091EECE /* PBXContainerItemProxy */ = {
			isa = PBXContainerItemProxy;
			containerPortal = DCAD1E8A1D0DA9B60091EECE /* Result.xcodeproj */;
			proxyType = 2;
			remoteGlobalIDString = D03579B01B2B78A1005D26AE;
			remoteInfo = "Result-watchOSTests";
		};
		DCAD1ECB1D0DB3640091EECE /* PBXContainerItemProxy */ = {
			isa = PBXContainerItemProxy;
			containerPortal = DCAD1EC61D0DB3640091EECE /* Commandant.xcodeproj */;
			proxyType = 2;
			remoteGlobalIDString = D00CCDD91A20717400109F8C;
			remoteInfo = Commandant;
		};
		DCAD1ECD1D0DB3640091EECE /* PBXContainerItemProxy */ = {
			isa = PBXContainerItemProxy;
			containerPortal = DCAD1EC61D0DB3640091EECE /* Commandant.xcodeproj */;
			proxyType = 2;
			remoteGlobalIDString = D00CCDE41A20717400109F8C;
			remoteInfo = Tests;
		};
/* End PBXContainerItemProxy section */

/* Begin PBXCopyFilesBuildPhase section */
		18E16D901C45D9A40084EF54 /* Embed Frameworks */ = {
			isa = PBXCopyFilesBuildPhase;
			buildActionMask = 2147483647;
			dstPath = "";
			dstSubfolderSpec = 10;
			files = (
				DCAD1F141D0DB6540091EECE /* Commandant.framework in Embed Frameworks */,
				DCAD1EBA1D0DB2B90091EECE /* Result.framework in Embed Frameworks */,
				DC5E8FE61D0DA61B00EFCA76 /* Yaml.framework in Embed Frameworks */,
				DC5E8FDD1D0DA5D900EFCA76 /* SWXMLHash.framework in Embed Frameworks */,
				DC5E8FE31D0DA60500EFCA76 /* FileKit.framework in Embed Frameworks */,
				DC5E8FDF1D0DA5D900EFCA76 /* SourceKittenFramework.framework in Embed Frameworks */,
			);
			name = "Embed Frameworks";
			runOnlyForDeploymentPostprocessing = 0;
		};
		DC8C4EE41CF9AF1C005213F8 /* Embed Frameworks */ = {
			isa = PBXCopyFilesBuildPhase;
			buildActionMask = 2147483647;
			dstPath = "";
			dstSubfolderSpec = 10;
			files = (
				DC8C4EE11CF9AF1C005213F8 /* CuckooGeneratorFramework.framework in Embed Frameworks */,
			);
			name = "Embed Frameworks";
			runOnlyForDeploymentPostprocessing = 0;
		};
/* End PBXCopyFilesBuildPhase section */

/* Begin PBXFileReference section */
		1808B1601C4575AA0036E924 /* cuckoo_generator.app */ = {isa = PBXFileReference; explicitFileType = wrapper.application; includeInIndex = 0; path = cuckoo_generator.app; sourceTree = BUILT_PRODUCTS_DIR; };
		1808B16A1C4575AA0036E924 /* Info.plist */ = {isa = PBXFileReference; lastKnownFileType = text.plist.xml; path = Info.plist; sourceTree = "<group>"; };
		1808B1AA1C4581070036E924 /* main.swift */ = {isa = PBXFileReference; fileEncoding = 4; lastKnownFileType = sourcecode.swift; path = main.swift; sourceTree = "<group>"; };
		18E16D511C45A6890084EF54 /* Utils.swift */ = {isa = PBXFileReference; fileEncoding = 4; lastKnownFileType = sourcecode.swift; lineEnding = 0; path = Utils.swift; sourceTree = "<group>"; xcLanguageSpecificationIdentifier = xcode.lang.swift; };
		18E16D531C45A6AF0084EF54 /* Tokenizer.swift */ = {isa = PBXFileReference; fileEncoding = 4; lastKnownFileType = sourcecode.swift; lineEnding = 0; path = Tokenizer.swift; sourceTree = "<group>"; xcLanguageSpecificationIdentifier = xcode.lang.swift; };
		18E16D591C45A85E0084EF54 /* FileHeaderHandler.swift */ = {isa = PBXFileReference; fileEncoding = 4; lastKnownFileType = sourcecode.swift; lineEnding = 0; path = FileHeaderHandler.swift; sourceTree = "<group>"; xcLanguageSpecificationIdentifier = xcode.lang.swift; };
		18E16D661C45D8280084EF54 /* CuckooGeneratorFramework.framework */ = {isa = PBXFileReference; explicitFileType = wrapper.framework; includeInIndex = 0; path = CuckooGeneratorFramework.framework; sourceTree = BUILT_PRODUCTS_DIR; };
		18E16D681C45D8280084EF54 /* CuckooGeneratorFramework.h */ = {isa = PBXFileReference; lastKnownFileType = sourcecode.c.h; lineEnding = 0; path = CuckooGeneratorFramework.h; sourceTree = "<group>"; xcLanguageSpecificationIdentifier = xcode.lang.objcpp; };
		18E16D6A1C45D8280084EF54 /* Info.plist */ = {isa = PBXFileReference; lastKnownFileType = text.plist.xml; path = Info.plist; sourceTree = "<group>"; };
		18E16D981C45DF7F0084EF54 /* Components.plist */ = {isa = PBXFileReference; fileEncoding = 4; lastKnownFileType = text.plist.xml; path = Components.plist; sourceTree = "<group>"; };
		18F2BC1B1C46E8760015A95F /* Generator.swift */ = {isa = PBXFileReference; fileEncoding = 4; lastKnownFileType = sourcecode.swift; lineEnding = 0; path = Generator.swift; sourceTree = "<group>"; xcLanguageSpecificationIdentifier = xcode.lang.swift; };
		DC1AB5D21D0D9F0B00867895 /* FileKit.xcodeproj */ = {isa = PBXFileReference; lastKnownFileType = "wrapper.pb-project"; name = FileKit.xcodeproj; path = Dependencies/FileKit/FileKit.xcodeproj; sourceTree = "<group>"; };
		DC1AB5E41D0D9F1600867895 /* sourcekitten.xcodeproj */ = {isa = PBXFileReference; lastKnownFileType = "wrapper.pb-project"; name = sourcekitten.xcodeproj; path = Dependencies/SourceKitten/sourcekitten.xcodeproj; sourceTree = "<group>"; };
		DC1AB60B1D0D9F8600867895 /* SWXMLHash.xcodeproj */ = {isa = PBXFileReference; lastKnownFileType = "wrapper.pb-project"; name = SWXMLHash.xcodeproj; path = Dependencies/SourceKitten/Carthage/Checkouts/SWXMLHash/SWXMLHash.xcodeproj; sourceTree = "<group>"; };
		DC1AB6231D0D9FE500867895 /* Yaml.xcodeproj */ = {isa = PBXFileReference; lastKnownFileType = "wrapper.pb-project"; name = Yaml.xcodeproj; path = Dependencies/SourceKitten/Carthage/Checkouts/YamlSwift/Yaml.xcodeproj; sourceTree = "<group>"; };
		DC40942E1D13F8FA006FB137 /* Import.swift */ = {isa = PBXFileReference; fileEncoding = 4; lastKnownFileType = sourcecode.swift; path = Import.swift; sourceTree = "<group>"; };
		DC4094651D140180006FB137 /* ExtensionDeclaration.swift */ = {isa = PBXFileReference; fileEncoding = 4; lastKnownFileType = sourcecode.swift; path = ExtensionDeclaration.swift; sourceTree = "<group>"; };
		DC5176331D2EE4D300E922F2 /* CodeBuilder.swift */ = {isa = PBXFileReference; fileEncoding = 4; lastKnownFileType = sourcecode.swift; path = CodeBuilder.swift; sourceTree = "<group>"; };
		DC5C26E51D0E9DA200630D49 /* VersionCommand.swift */ = {isa = PBXFileReference; fileEncoding = 4; lastKnownFileType = sourcecode.swift; path = VersionCommand.swift; sourceTree = "<group>"; };
		DC9EFA581CFC4F420034DFE5 /* Key.swift */ = {isa = PBXFileReference; fileEncoding = 4; lastKnownFileType = sourcecode.swift; path = Key.swift; sourceTree = "<group>"; };
		DC9EFA591CFC4F420034DFE5 /* Kinds.swift */ = {isa = PBXFileReference; fileEncoding = 4; lastKnownFileType = sourcecode.swift; path = Kinds.swift; sourceTree = "<group>"; };
		DC9EFA5A1CFC4F420034DFE5 /* Accessibility.swift */ = {isa = PBXFileReference; fileEncoding = 4; lastKnownFileType = sourcecode.swift; path = Accessibility.swift; sourceTree = "<group>"; };
		DC9EFA5C1CFC4F420034DFE5 /* FileRepresentation.swift */ = {isa = PBXFileReference; fileEncoding = 4; lastKnownFileType = sourcecode.swift; path = FileRepresentation.swift; sourceTree = "<group>"; };
		DC9EFA5D1CFC4F420034DFE5 /* Token.swift */ = {isa = PBXFileReference; fileEncoding = 4; lastKnownFileType = sourcecode.swift; path = Token.swift; sourceTree = "<group>"; };
		DC9EFA5E1CFC4F420034DFE5 /* ContainerToken.swift */ = {isa = PBXFileReference; fileEncoding = 4; lastKnownFileType = sourcecode.swift; path = ContainerToken.swift; sourceTree = "<group>"; };
		DC9EFA5F1CFC4F420034DFE5 /* ProtocolDeclaration.swift */ = {isa = PBXFileReference; fileEncoding = 4; lastKnownFileType = sourcecode.swift; path = ProtocolDeclaration.swift; sourceTree = "<group>"; };
		DC9EFA601CFC4F420034DFE5 /* ClassDeclaration.swift */ = {isa = PBXFileReference; fileEncoding = 4; lastKnownFileType = sourcecode.swift; path = ClassDeclaration.swift; sourceTree = "<group>"; };
		DC9EFA611CFC4F420034DFE5 /* Method.swift */ = {isa = PBXFileReference; fileEncoding = 4; lastKnownFileType = sourcecode.swift; path = Method.swift; sourceTree = "<group>"; };
		DC9EFA621CFC4F420034DFE5 /* ProtocolMethod.swift */ = {isa = PBXFileReference; fileEncoding = 4; lastKnownFileType = sourcecode.swift; path = ProtocolMethod.swift; sourceTree = "<group>"; };
		DC9EFA631CFC4F420034DFE5 /* Initializer.swift */ = {isa = PBXFileReference; fileEncoding = 4; lastKnownFileType = sourcecode.swift; path = Initializer.swift; sourceTree = "<group>"; };
		DC9EFA641CFC4F420034DFE5 /* MethodParameter.swift */ = {isa = PBXFileReference; fileEncoding = 4; lastKnownFileType = sourcecode.swift; path = MethodParameter.swift; sourceTree = "<group>"; };
		DC9EFA7F1CFC4FCF0034DFE5 /* ClassMethod.swift */ = {isa = PBXFileReference; fileEncoding = 4; lastKnownFileType = sourcecode.swift; path = ClassMethod.swift; sourceTree = "<group>"; };
		DC9EFA801CFC4FCF0034DFE5 /* InstanceVariable.swift */ = {isa = PBXFileReference; fileEncoding = 4; lastKnownFileType = sourcecode.swift; path = InstanceVariable.swift; sourceTree = "<group>"; };
		DCAD1E8A1D0DA9B60091EECE /* Result.xcodeproj */ = {isa = PBXFileReference; lastKnownFileType = "wrapper.pb-project"; name = Result.xcodeproj; path = Dependencies/SourceKitten/Carthage/Checkouts/Commandant/Carthage/Checkouts/Result/Result.xcodeproj; sourceTree = "<group>"; };
		DCAD1EC61D0DB3640091EECE /* Commandant.xcodeproj */ = {isa = PBXFileReference; lastKnownFileType = "wrapper.pb-project"; name = Commandant.xcodeproj; path = Dependencies/SourceKitten/Carthage/Checkouts/Commandant/Commandant.xcodeproj; sourceTree = "<group>"; };
		DCDEE5101CFF124E007F18BC /* CuckooGeneratorError.swift */ = {isa = PBXFileReference; fileEncoding = 4; lastKnownFileType = sourcecode.swift; path = CuckooGeneratorError.swift; sourceTree = "<group>"; };
		DCDEE5111CFF124E007F18BC /* GenerateMocksCommand.swift */ = {isa = PBXFileReference; fileEncoding = 4; lastKnownFileType = sourcecode.swift; path = GenerateMocksCommand.swift; sourceTree = "<group>"; };
		DCE2DDEE1E06F073006E462C /* StderrPrint.swift */ = {isa = PBXFileReference; fileEncoding = 4; lastKnownFileType = sourcecode.swift; path = StderrPrint.swift; sourceTree = "<group>"; };
/* End PBXFileReference section */

/* Begin PBXFrameworksBuildPhase section */
		1808B15D1C4575AA0036E924 /* Frameworks */ = {
			isa = PBXFrameworksBuildPhase;
			buildActionMask = 2147483647;
			files = (
				DC8C4EE01CF9AF1C005213F8 /* CuckooGeneratorFramework.framework in Frameworks */,
			);
			runOnlyForDeploymentPostprocessing = 0;
		};
		18E16D621C45D8280084EF54 /* Frameworks */ = {
			isa = PBXFrameworksBuildPhase;
			buildActionMask = 2147483647;
			files = (
				DCAD1F131D0DB64E0091EECE /* Commandant.framework in Frameworks */,
				DCAD1EA51D0DA9CB0091EECE /* Result.framework in Frameworks */,
				DC5E8FD71D0DA57E00EFCA76 /* FileKit.framework in Frameworks */,
				DC5E8FD91D0DA57E00EFCA76 /* SourceKittenFramework.framework in Frameworks */,
				DC5E8FDA1D0DA57E00EFCA76 /* SWXMLHash.framework in Frameworks */,
				DC5E8FDB1D0DA57E00EFCA76 /* Yaml.framework in Frameworks */,
			);
			runOnlyForDeploymentPostprocessing = 0;
		};
/* End PBXFrameworksBuildPhase section */

/* Begin PBXGroup section */
		1808B1571C4575AA0036E924 = {
			isa = PBXGroup;
			children = (
				1808B1A21C457B160036E924 /* Frameworks */,
				1808B1621C4575AA0036E924 /* Source */,
				1808B1611C4575AA0036E924 /* Products */,
			);
			sourceTree = "<group>";
		};
		1808B1611C4575AA0036E924 /* Products */ = {
			isa = PBXGroup;
			children = (
				1808B1601C4575AA0036E924 /* cuckoo_generator.app */,
				18E16D661C45D8280084EF54 /* CuckooGeneratorFramework.framework */,
			);
			name = Products;
			sourceTree = "<group>";
		};
		1808B1621C4575AA0036E924 /* Source */ = {
			isa = PBXGroup;
			children = (
				DCDEE5101CFF124E007F18BC /* CuckooGeneratorError.swift */,
				DCDEE5111CFF124E007F18BC /* GenerateMocksCommand.swift */,
				1808B1AA1C4581070036E924 /* main.swift */,
				DC5C26E51D0E9DA200630D49 /* VersionCommand.swift */,
				18E16D671C45D8280084EF54 /* CuckooGeneratorFramework */,
				18E16D971C45DF600084EF54 /* Supporting Files */,
			);
			path = Source;
			sourceTree = "<group>";
		};
		1808B1A21C457B160036E924 /* Frameworks */ = {
			isa = PBXGroup;
			children = (
				DCAD1EC61D0DB3640091EECE /* Commandant.xcodeproj */,
				DCAD1E8A1D0DA9B60091EECE /* Result.xcodeproj */,
				DC1AB6231D0D9FE500867895 /* Yaml.xcodeproj */,
				DC1AB60B1D0D9F8600867895 /* SWXMLHash.xcodeproj */,
				DC1AB5E41D0D9F1600867895 /* sourcekitten.xcodeproj */,
				DC1AB5D21D0D9F0B00867895 /* FileKit.xcodeproj */,
			);
			name = Frameworks;
			sourceTree = "<group>";
		};
		18601E8A1C46FA7400693A66 /* Supporting Files */ = {
			isa = PBXGroup;
			children = (
				18E16D681C45D8280084EF54 /* CuckooGeneratorFramework.h */,
				18E16D6A1C45D8280084EF54 /* Info.plist */,
			);
			path = "Supporting Files";
			sourceTree = "<group>";
		};
		18E16D671C45D8280084EF54 /* CuckooGeneratorFramework */ = {
			isa = PBXGroup;
			children = (
				DC5176331D2EE4D300E922F2 /* CodeBuilder.swift */,
				18E16D591C45A85E0084EF54 /* FileHeaderHandler.swift */,
				18F2BC1B1C46E8760015A95F /* Generator.swift */,
				DCE2DDEE1E06F073006E462C /* StderrPrint.swift */,
				18E16D531C45A6AF0084EF54 /* Tokenizer.swift */,
				18E16D511C45A6890084EF54 /* Utils.swift */,
				18601E8A1C46FA7400693A66 /* Supporting Files */,
				DC9EFA551CFC4EC10034DFE5 /* Tokens */,
			);
			path = CuckooGeneratorFramework;
			sourceTree = "<group>";
		};
		18E16D971C45DF600084EF54 /* Supporting Files */ = {
			isa = PBXGroup;
			children = (
				18E16D981C45DF7F0084EF54 /* Components.plist */,
				1808B16A1C4575AA0036E924 /* Info.plist */,
			);
			path = "Supporting Files";
			sourceTree = "<group>";
		};
		DC1AB5D31D0D9F0B00867895 /* Products */ = {
			isa = PBXGroup;
			children = (
				DC1AB5DB1D0D9F0C00867895 /* FileKit.framework */,
				DC1AB5DD1D0D9F0C00867895 /* FileKit.framework */,
				DC1AB5DF1D0D9F0C00867895 /* FileKit.framework */,
				DC1AB5E11D0D9F0C00867895 /* FileKit.framework */,
				DC1AB5E31D0D9F0C00867895 /* FileKitTests.xctest */,
			);
			name = Products;
			sourceTree = "<group>";
		};
		DC1AB5E51D0D9F1600867895 /* Products */ = {
			isa = PBXGroup;
			children = (
				DC1AB5EB1D0D9F1600867895 /* sourcekitten.app */,
				DC1AB5ED1D0D9F1600867895 /* SourceKittenFramework.framework */,
				DC1AB5EF1D0D9F1600867895 /* SourceKittenFrameworkTests.xctest */,
			);
			name = Products;
			sourceTree = "<group>";
		};
		DC1AB60C1D0D9F8600867895 /* Products */ = {
			isa = PBXGroup;
			children = (
				DC1AB6161D0D9F8600867895 /* SWXMLHash.framework */,
				DC1AB6181D0D9F8600867895 /* SWXMLHash iOS Tests.xctest */,
				DC1AB61A1D0D9F8600867895 /* SWXMLHash.framework */,
				DC1AB61C1D0D9F8600867895 /* SWXMLHash OSX Tests.xctest */,
				DC1AB61E1D0D9F8600867895 /* SWXMLHash.framework */,
				DC1AB6201D0D9F8600867895 /* SWXMLHash tvOS Tests.xctest */,
				DC1AB6221D0D9F8600867895 /* SWXMLHash.framework */,
			);
			name = Products;
			sourceTree = "<group>";
		};
		DC1AB6241D0D9FE500867895 /* Products */ = {
			isa = PBXGroup;
			children = (
				DC1AB62D1D0D9FE500867895 /* Yaml.framework */,
				DC1AB62F1D0D9FE500867895 /* Tests.xctest */,
				DC1AB6311D0D9FE500867895 /* Yaml.framework */,
				DC1AB6331D0D9FE500867895 /* Tests.xctest */,
				DC1AB6351D0D9FE500867895 /* Yaml.framework */,
				DC1AB6371D0D9FE500867895 /* Tests.xctest */,
			);
			name = Products;
			sourceTree = "<group>";
		};
		DC9EFA551CFC4EC10034DFE5 /* Tokens */ = {
			isa = PBXGroup;
			children = (
				DC9EFA5A1CFC4F420034DFE5 /* Accessibility.swift */,
				DC9EFA601CFC4F420034DFE5 /* ClassDeclaration.swift */,
				DC9EFA7F1CFC4FCF0034DFE5 /* ClassMethod.swift */,
				DC9EFA5E1CFC4F420034DFE5 /* ContainerToken.swift */,
				DC4094651D140180006FB137 /* ExtensionDeclaration.swift */,
				DC9EFA5C1CFC4F420034DFE5 /* FileRepresentation.swift */,
				DC40942E1D13F8FA006FB137 /* Import.swift */,
				DC9EFA631CFC4F420034DFE5 /* Initializer.swift */,
				DC9EFA801CFC4FCF0034DFE5 /* InstanceVariable.swift */,
				DC9EFA581CFC4F420034DFE5 /* Key.swift */,
				DC9EFA591CFC4F420034DFE5 /* Kinds.swift */,
				DC9EFA611CFC4F420034DFE5 /* Method.swift */,
				DC9EFA641CFC4F420034DFE5 /* MethodParameter.swift */,
				DC9EFA5F1CFC4F420034DFE5 /* ProtocolDeclaration.swift */,
				DC9EFA621CFC4F420034DFE5 /* ProtocolMethod.swift */,
				DC9EFA5D1CFC4F420034DFE5 /* Token.swift */,
			);
			path = Tokens;
			sourceTree = "<group>";
		};
		DCAD1E8B1D0DA9B60091EECE /* Products */ = {
			isa = PBXGroup;
			children = (
				DCAD1E961D0DA9B70091EECE /* Result.framework */,
				DCAD1E981D0DA9B70091EECE /* Result-MacTests.xctest */,
				DCAD1E9A1D0DA9B70091EECE /* Result.framework */,
				DCAD1E9C1D0DA9B70091EECE /* Result-iOSTests.xctest */,
				DCAD1E9E1D0DA9B70091EECE /* Result.framework */,
				DCAD1EA01D0DA9B70091EECE /* Result-tvOSTests.xctest */,
				DCAD1EA21D0DA9B70091EECE /* Result.framework */,
				DCAD1EA41D0DA9B70091EECE /* Result-watchOSTests.xctest */,
			);
			name = Products;
			sourceTree = "<group>";
		};
		DCAD1EC71D0DB3640091EECE /* Products */ = {
			isa = PBXGroup;
			children = (
				DCAD1ECC1D0DB3640091EECE /* Commandant.framework */,
				DCAD1ECE1D0DB3640091EECE /* Tests.xctest */,
			);
			name = Products;
			sourceTree = "<group>";
		};
/* End PBXGroup section */

/* Begin PBXHeadersBuildPhase section */
		18E16D631C45D8280084EF54 /* Headers */ = {
			isa = PBXHeadersBuildPhase;
			buildActionMask = 2147483647;
			files = (
				18E16D691C45D8280084EF54 /* CuckooGeneratorFramework.h in Headers */,
			);
			runOnlyForDeploymentPostprocessing = 0;
		};
/* End PBXHeadersBuildPhase section */

/* Begin PBXNativeTarget section */
		1808B15F1C4575AA0036E924 /* CuckooGenerator */ = {
			isa = PBXNativeTarget;
			buildConfigurationList = 1808B1781C4575AA0036E924 /* Build configuration list for PBXNativeTarget "CuckooGenerator" */;
			buildPhases = (
				1808B15C1C4575AA0036E924 /* Sources */,
				1808B15D1C4575AA0036E924 /* Frameworks */,
				1808B15E1C4575AA0036E924 /* Resources */,
				DC8C4EE41CF9AF1C005213F8 /* Embed Frameworks */,
			);
			buildRules = (
			);
			dependencies = (
				DC8C4EE31CF9AF1C005213F8 /* PBXTargetDependency */,
			);
			name = CuckooGenerator;
			productName = "Mockery-Generator";
			productReference = 1808B1601C4575AA0036E924 /* cuckoo_generator.app */;
			productType = "com.apple.product-type.application";
		};
		18E16D651C45D8280084EF54 /* CuckooGeneratorFramework */ = {
			isa = PBXNativeTarget;
			buildConfigurationList = 18E16D7D1C45D8280084EF54 /* Build configuration list for PBXNativeTarget "CuckooGeneratorFramework" */;
			buildPhases = (
				18E16D611C45D8280084EF54 /* Sources */,
				18E16D621C45D8280084EF54 /* Frameworks */,
				18E16D631C45D8280084EF54 /* Headers */,
				18E16D641C45D8280084EF54 /* Resources */,
				18E16D901C45D9A40084EF54 /* Embed Frameworks */,
			);
			buildRules = (
			);
			dependencies = (
			);
			name = CuckooGeneratorFramework;
			productName = MockeryGeneratorFramework;
			productReference = 18E16D661C45D8280084EF54 /* CuckooGeneratorFramework.framework */;
			productType = "com.apple.product-type.framework";
		};
/* End PBXNativeTarget section */

/* Begin PBXProject section */
		1808B1581C4575AA0036E924 /* Project object */ = {
			isa = PBXProject;
			attributes = {
				LastSwiftUpdateCheck = 0730;
				LastUpgradeCheck = 0800;
				ORGANIZATIONNAME = Brightify;
				TargetAttributes = {
					1808B15F1C4575AA0036E924 = {
						CreatedOnToolsVersion = 7.2;
						LastSwiftMigration = 0800;
					};
					18E16D651C45D8280084EF54 = {
						CreatedOnToolsVersion = 7.2;
						LastSwiftMigration = 0800;
					};
				};
			};
			buildConfigurationList = 1808B15B1C4575AA0036E924 /* Build configuration list for PBXProject "CuckooGenerator" */;
			compatibilityVersion = "Xcode 3.2";
			developmentRegion = English;
			hasScannedForEncodings = 0;
			knownRegions = (
				en,
				Base,
			);
			mainGroup = 1808B1571C4575AA0036E924;
			productRefGroup = 1808B1611C4575AA0036E924 /* Products */;
			projectDirPath = "";
			projectReferences = (
				{
					ProductGroup = DCAD1EC71D0DB3640091EECE /* Products */;
					ProjectRef = DCAD1EC61D0DB3640091EECE /* Commandant.xcodeproj */;
				},
				{
					ProductGroup = DC1AB5D31D0D9F0B00867895 /* Products */;
					ProjectRef = DC1AB5D21D0D9F0B00867895 /* FileKit.xcodeproj */;
				},
				{
					ProductGroup = DCAD1E8B1D0DA9B60091EECE /* Products */;
					ProjectRef = DCAD1E8A1D0DA9B60091EECE /* Result.xcodeproj */;
				},
				{
					ProductGroup = DC1AB5E51D0D9F1600867895 /* Products */;
					ProjectRef = DC1AB5E41D0D9F1600867895 /* sourcekitten.xcodeproj */;
				},
				{
					ProductGroup = DC1AB60C1D0D9F8600867895 /* Products */;
					ProjectRef = DC1AB60B1D0D9F8600867895 /* SWXMLHash.xcodeproj */;
				},
				{
					ProductGroup = DC1AB6241D0D9FE500867895 /* Products */;
					ProjectRef = DC1AB6231D0D9FE500867895 /* Yaml.xcodeproj */;
				},
			);
			projectRoot = "";
			targets = (
				1808B15F1C4575AA0036E924 /* CuckooGenerator */,
				18E16D651C45D8280084EF54 /* CuckooGeneratorFramework */,
			);
		};
/* End PBXProject section */

/* Begin PBXReferenceProxy section */
		DC1AB5DB1D0D9F0C00867895 /* FileKit.framework */ = {
			isa = PBXReferenceProxy;
			fileType = wrapper.framework;
			path = FileKit.framework;
			remoteRef = DC1AB5DA1D0D9F0C00867895 /* PBXContainerItemProxy */;
			sourceTree = BUILT_PRODUCTS_DIR;
		};
		DC1AB5DD1D0D9F0C00867895 /* FileKit.framework */ = {
			isa = PBXReferenceProxy;
			fileType = wrapper.framework;
			path = FileKit.framework;
			remoteRef = DC1AB5DC1D0D9F0C00867895 /* PBXContainerItemProxy */;
			sourceTree = BUILT_PRODUCTS_DIR;
		};
		DC1AB5DF1D0D9F0C00867895 /* FileKit.framework */ = {
			isa = PBXReferenceProxy;
			fileType = wrapper.framework;
			path = FileKit.framework;
			remoteRef = DC1AB5DE1D0D9F0C00867895 /* PBXContainerItemProxy */;
			sourceTree = BUILT_PRODUCTS_DIR;
		};
		DC1AB5E11D0D9F0C00867895 /* FileKit.framework */ = {
			isa = PBXReferenceProxy;
			fileType = wrapper.framework;
			path = FileKit.framework;
			remoteRef = DC1AB5E01D0D9F0C00867895 /* PBXContainerItemProxy */;
			sourceTree = BUILT_PRODUCTS_DIR;
		};
		DC1AB5E31D0D9F0C00867895 /* FileKitTests.xctest */ = {
			isa = PBXReferenceProxy;
			fileType = wrapper.cfbundle;
			path = FileKitTests.xctest;
			remoteRef = DC1AB5E21D0D9F0C00867895 /* PBXContainerItemProxy */;
			sourceTree = BUILT_PRODUCTS_DIR;
		};
		DC1AB5EB1D0D9F1600867895 /* sourcekitten.app */ = {
			isa = PBXReferenceProxy;
			fileType = wrapper.application;
			path = sourcekitten.app;
			remoteRef = DC1AB5EA1D0D9F1600867895 /* PBXContainerItemProxy */;
			sourceTree = BUILT_PRODUCTS_DIR;
		};
		DC1AB5ED1D0D9F1600867895 /* SourceKittenFramework.framework */ = {
			isa = PBXReferenceProxy;
			fileType = wrapper.framework;
			path = SourceKittenFramework.framework;
			remoteRef = DC1AB5EC1D0D9F1600867895 /* PBXContainerItemProxy */;
			sourceTree = BUILT_PRODUCTS_DIR;
		};
		DC1AB5EF1D0D9F1600867895 /* SourceKittenFrameworkTests.xctest */ = {
			isa = PBXReferenceProxy;
			fileType = wrapper.cfbundle;
			path = SourceKittenFrameworkTests.xctest;
			remoteRef = DC1AB5EE1D0D9F1600867895 /* PBXContainerItemProxy */;
			sourceTree = BUILT_PRODUCTS_DIR;
		};
		DC1AB6161D0D9F8600867895 /* SWXMLHash.framework */ = {
			isa = PBXReferenceProxy;
			fileType = wrapper.framework;
			path = SWXMLHash.framework;
			remoteRef = DC1AB6151D0D9F8600867895 /* PBXContainerItemProxy */;
			sourceTree = BUILT_PRODUCTS_DIR;
		};
		DC1AB6181D0D9F8600867895 /* SWXMLHash iOS Tests.xctest */ = {
			isa = PBXReferenceProxy;
			fileType = wrapper.cfbundle;
			path = "SWXMLHash iOS Tests.xctest";
			remoteRef = DC1AB6171D0D9F8600867895 /* PBXContainerItemProxy */;
			sourceTree = BUILT_PRODUCTS_DIR;
		};
		DC1AB61A1D0D9F8600867895 /* SWXMLHash.framework */ = {
			isa = PBXReferenceProxy;
			fileType = wrapper.framework;
			path = SWXMLHash.framework;
			remoteRef = DC1AB6191D0D9F8600867895 /* PBXContainerItemProxy */;
			sourceTree = BUILT_PRODUCTS_DIR;
		};
		DC1AB61C1D0D9F8600867895 /* SWXMLHash OSX Tests.xctest */ = {
			isa = PBXReferenceProxy;
			fileType = wrapper.cfbundle;
			path = "SWXMLHash OSX Tests.xctest";
			remoteRef = DC1AB61B1D0D9F8600867895 /* PBXContainerItemProxy */;
			sourceTree = BUILT_PRODUCTS_DIR;
		};
		DC1AB61E1D0D9F8600867895 /* SWXMLHash.framework */ = {
			isa = PBXReferenceProxy;
			fileType = wrapper.framework;
			path = SWXMLHash.framework;
			remoteRef = DC1AB61D1D0D9F8600867895 /* PBXContainerItemProxy */;
			sourceTree = BUILT_PRODUCTS_DIR;
		};
		DC1AB6201D0D9F8600867895 /* SWXMLHash tvOS Tests.xctest */ = {
			isa = PBXReferenceProxy;
			fileType = wrapper.cfbundle;
			path = "SWXMLHash tvOS Tests.xctest";
			remoteRef = DC1AB61F1D0D9F8600867895 /* PBXContainerItemProxy */;
			sourceTree = BUILT_PRODUCTS_DIR;
		};
		DC1AB6221D0D9F8600867895 /* SWXMLHash.framework */ = {
			isa = PBXReferenceProxy;
			fileType = wrapper.framework;
			path = SWXMLHash.framework;
			remoteRef = DC1AB6211D0D9F8600867895 /* PBXContainerItemProxy */;
			sourceTree = BUILT_PRODUCTS_DIR;
		};
		DC1AB62D1D0D9FE500867895 /* Yaml.framework */ = {
			isa = PBXReferenceProxy;
			fileType = wrapper.framework;
			path = Yaml.framework;
			remoteRef = DC1AB62C1D0D9FE500867895 /* PBXContainerItemProxy */;
			sourceTree = BUILT_PRODUCTS_DIR;
		};
		DC1AB62F1D0D9FE500867895 /* Tests.xctest */ = {
			isa = PBXReferenceProxy;
			fileType = wrapper.cfbundle;
			path = Tests.xctest;
			remoteRef = DC1AB62E1D0D9FE500867895 /* PBXContainerItemProxy */;
			sourceTree = BUILT_PRODUCTS_DIR;
		};
		DC1AB6311D0D9FE500867895 /* Yaml.framework */ = {
			isa = PBXReferenceProxy;
			fileType = wrapper.framework;
			path = Yaml.framework;
			remoteRef = DC1AB6301D0D9FE500867895 /* PBXContainerItemProxy */;
			sourceTree = BUILT_PRODUCTS_DIR;
		};
		DC1AB6331D0D9FE500867895 /* Tests.xctest */ = {
			isa = PBXReferenceProxy;
			fileType = wrapper.cfbundle;
			path = Tests.xctest;
			remoteRef = DC1AB6321D0D9FE500867895 /* PBXContainerItemProxy */;
			sourceTree = BUILT_PRODUCTS_DIR;
		};
		DC1AB6351D0D9FE500867895 /* Yaml.framework */ = {
			isa = PBXReferenceProxy;
			fileType = wrapper.framework;
			path = Yaml.framework;
			remoteRef = DC1AB6341D0D9FE500867895 /* PBXContainerItemProxy */;
			sourceTree = BUILT_PRODUCTS_DIR;
		};
		DC1AB6371D0D9FE500867895 /* Tests.xctest */ = {
			isa = PBXReferenceProxy;
			fileType = wrapper.cfbundle;
			path = Tests.xctest;
			remoteRef = DC1AB6361D0D9FE500867895 /* PBXContainerItemProxy */;
			sourceTree = BUILT_PRODUCTS_DIR;
		};
		DCAD1E961D0DA9B70091EECE /* Result.framework */ = {
			isa = PBXReferenceProxy;
			fileType = wrapper.framework;
			path = Result.framework;
			remoteRef = DCAD1E951D0DA9B70091EECE /* PBXContainerItemProxy */;
			sourceTree = BUILT_PRODUCTS_DIR;
		};
		DCAD1E981D0DA9B70091EECE /* Result-MacTests.xctest */ = {
			isa = PBXReferenceProxy;
			fileType = wrapper.cfbundle;
			path = "Result-MacTests.xctest";
			remoteRef = DCAD1E971D0DA9B70091EECE /* PBXContainerItemProxy */;
			sourceTree = BUILT_PRODUCTS_DIR;
		};
		DCAD1E9A1D0DA9B70091EECE /* Result.framework */ = {
			isa = PBXReferenceProxy;
			fileType = wrapper.framework;
			path = Result.framework;
			remoteRef = DCAD1E991D0DA9B70091EECE /* PBXContainerItemProxy */;
			sourceTree = BUILT_PRODUCTS_DIR;
		};
		DCAD1E9C1D0DA9B70091EECE /* Result-iOSTests.xctest */ = {
			isa = PBXReferenceProxy;
			fileType = wrapper.cfbundle;
			path = "Result-iOSTests.xctest";
			remoteRef = DCAD1E9B1D0DA9B70091EECE /* PBXContainerItemProxy */;
			sourceTree = BUILT_PRODUCTS_DIR;
		};
		DCAD1E9E1D0DA9B70091EECE /* Result.framework */ = {
			isa = PBXReferenceProxy;
			fileType = wrapper.framework;
			path = Result.framework;
			remoteRef = DCAD1E9D1D0DA9B70091EECE /* PBXContainerItemProxy */;
			sourceTree = BUILT_PRODUCTS_DIR;
		};
		DCAD1EA01D0DA9B70091EECE /* Result-tvOSTests.xctest */ = {
			isa = PBXReferenceProxy;
			fileType = wrapper.cfbundle;
			path = "Result-tvOSTests.xctest";
			remoteRef = DCAD1E9F1D0DA9B70091EECE /* PBXContainerItemProxy */;
			sourceTree = BUILT_PRODUCTS_DIR;
		};
		DCAD1EA21D0DA9B70091EECE /* Result.framework */ = {
			isa = PBXReferenceProxy;
			fileType = wrapper.framework;
			path = Result.framework;
			remoteRef = DCAD1EA11D0DA9B70091EECE /* PBXContainerItemProxy */;
			sourceTree = BUILT_PRODUCTS_DIR;
		};
		DCAD1EA41D0DA9B70091EECE /* Result-watchOSTests.xctest */ = {
			isa = PBXReferenceProxy;
			fileType = wrapper.cfbundle;
			path = "Result-watchOSTests.xctest";
			remoteRef = DCAD1EA31D0DA9B70091EECE /* PBXContainerItemProxy */;
			sourceTree = BUILT_PRODUCTS_DIR;
		};
		DCAD1ECC1D0DB3640091EECE /* Commandant.framework */ = {
			isa = PBXReferenceProxy;
			fileType = wrapper.framework;
			path = Commandant.framework;
			remoteRef = DCAD1ECB1D0DB3640091EECE /* PBXContainerItemProxy */;
			sourceTree = BUILT_PRODUCTS_DIR;
		};
		DCAD1ECE1D0DB3640091EECE /* Tests.xctest */ = {
			isa = PBXReferenceProxy;
			fileType = wrapper.cfbundle;
			path = Tests.xctest;
			remoteRef = DCAD1ECD1D0DB3640091EECE /* PBXContainerItemProxy */;
			sourceTree = BUILT_PRODUCTS_DIR;
		};
/* End PBXReferenceProxy section */

/* Begin PBXResourcesBuildPhase section */
		1808B15E1C4575AA0036E924 /* Resources */ = {
			isa = PBXResourcesBuildPhase;
			buildActionMask = 2147483647;
			files = (
				18E16D991C45DF7F0084EF54 /* Components.plist in Resources */,
			);
			runOnlyForDeploymentPostprocessing = 0;
		};
		18E16D641C45D8280084EF54 /* Resources */ = {
			isa = PBXResourcesBuildPhase;
			buildActionMask = 2147483647;
			files = (
			);
			runOnlyForDeploymentPostprocessing = 0;
		};
/* End PBXResourcesBuildPhase section */

/* Begin PBXSourcesBuildPhase section */
		1808B15C1C4575AA0036E924 /* Sources */ = {
			isa = PBXSourcesBuildPhase;
			buildActionMask = 2147483647;
			files = (
				DC5C26E61D0E9DA200630D49 /* VersionCommand.swift in Sources */,
				DCDEE5141CFF124E007F18BC /* CuckooGeneratorError.swift in Sources */,
				DCDEE5151CFF124E007F18BC /* GenerateMocksCommand.swift in Sources */,
				1808B1AB1C4581070036E924 /* main.swift in Sources */,
			);
			runOnlyForDeploymentPostprocessing = 0;
		};
		18E16D611C45D8280084EF54 /* Sources */ = {
			isa = PBXSourcesBuildPhase;
			buildActionMask = 2147483647;
			files = (
				18E16D841C45D8B30084EF54 /* Tokenizer.swift in Sources */,
				DC9EFA911CFC50070034DFE5 /* InstanceVariable.swift in Sources */,
				DC9EFA7C1CFC4F4D0034DFE5 /* ProtocolMethod.swift in Sources */,
				DC9EFA731CFC4F4D0034DFE5 /* Kinds.swift in Sources */,
				DC9EFA761CFC4F4D0034DFE5 /* FileRepresentation.swift in Sources */,
				DC9EFA7E1CFC4F4D0034DFE5 /* MethodParameter.swift in Sources */,
				DC9EFA7D1CFC4F4D0034DFE5 /* Initializer.swift in Sources */,
				DC9EFA791CFC4F4D0034DFE5 /* ProtocolDeclaration.swift in Sources */,
				DC9EFA721CFC4F4D0034DFE5 /* Key.swift in Sources */,
				DC5176351D2EE8F700E922F2 /* CodeBuilder.swift in Sources */,
				18F2BC1D1C46E8E30015A95F /* Generator.swift in Sources */,
				DC9EFA901CFC50070034DFE5 /* ClassMethod.swift in Sources */,
				DC9EFA7A1CFC4F4D0034DFE5 /* ClassDeclaration.swift in Sources */,
				DC9EFA771CFC4F4D0034DFE5 /* Token.swift in Sources */,
				DC4094301D13F91F006FB137 /* Import.swift in Sources */,
				18E16D831C45D8B30084EF54 /* Utils.swift in Sources */,
				DC9EFA7B1CFC4F4D0034DFE5 /* Method.swift in Sources */,
				DCE2DDEF1E06F073006E462C /* StderrPrint.swift in Sources */,
				DC4094861D140184006FB137 /* ExtensionDeclaration.swift in Sources */,
				DC9EFA741CFC4F4D0034DFE5 /* Accessibility.swift in Sources */,
				DC9EFA781CFC4F4D0034DFE5 /* ContainerToken.swift in Sources */,
				18E16D871C45D8B30084EF54 /* FileHeaderHandler.swift in Sources */,
			);
			runOnlyForDeploymentPostprocessing = 0;
		};
/* End PBXSourcesBuildPhase section */

/* Begin PBXTargetDependency section */
		DC8C4EE31CF9AF1C005213F8 /* PBXTargetDependency */ = {
			isa = PBXTargetDependency;
			target = 18E16D651C45D8280084EF54 /* CuckooGeneratorFramework */;
			targetProxy = DC8C4EE21CF9AF1C005213F8 /* PBXContainerItemProxy */;
		};
/* End PBXTargetDependency section */

/* Begin XCBuildConfiguration section */
		1808B1761C4575AA0036E924 /* Debug */ = {
			isa = XCBuildConfiguration;
			buildSettings = {
				ALWAYS_SEARCH_USER_PATHS = NO;
				CLANG_CXX_LANGUAGE_STANDARD = "gnu++0x";
				CLANG_CXX_LIBRARY = "libc++";
				CLANG_ENABLE_MODULES = YES;
				CLANG_ENABLE_OBJC_ARC = YES;
				CLANG_WARN_BOOL_CONVERSION = YES;
				CLANG_WARN_CONSTANT_CONVERSION = YES;
				CLANG_WARN_DIRECT_OBJC_ISA_USAGE = YES_ERROR;
				CLANG_WARN_EMPTY_BODY = YES;
				CLANG_WARN_ENUM_CONVERSION = YES;
				CLANG_WARN_INFINITE_RECURSION = YES;
				CLANG_WARN_INT_CONVERSION = YES;
				CLANG_WARN_OBJC_ROOT_CLASS = YES_ERROR;
				CLANG_WARN_SUSPICIOUS_MOVE = YES;
				CLANG_WARN_UNREACHABLE_CODE = YES;
				CLANG_WARN__DUPLICATE_METHOD_MATCH = YES;
				CODE_SIGN_IDENTITY = "-";
				COPY_PHASE_STRIP = NO;
				DEBUG_INFORMATION_FORMAT = dwarf;
				ENABLE_STRICT_OBJC_MSGSEND = YES;
				ENABLE_TESTABILITY = YES;
				GCC_C_LANGUAGE_STANDARD = gnu99;
				GCC_DYNAMIC_NO_PIC = NO;
				GCC_NO_COMMON_BLOCKS = YES;
				GCC_OPTIMIZATION_LEVEL = 0;
				GCC_PREPROCESSOR_DEFINITIONS = (
					"DEBUG=1",
					"$(inherited)",
				);
				GCC_WARN_64_TO_32_BIT_CONVERSION = YES;
				GCC_WARN_ABOUT_RETURN_TYPE = YES_ERROR;
				GCC_WARN_UNDECLARED_SELECTOR = YES;
				GCC_WARN_UNINITIALIZED_AUTOS = YES_AGGRESSIVE;
				GCC_WARN_UNUSED_FUNCTION = YES;
				GCC_WARN_UNUSED_VARIABLE = YES;
				LD_RUNPATH_SEARCH_PATHS = "@executable_path/../Frameworks";
				MACOSX_DEPLOYMENT_TARGET = 10.11;
				MTL_ENABLE_DEBUG_INFO = YES;
				ONLY_ACTIVE_ARCH = YES;
				OTHER_CODE_SIGN_FLAGS = "--deep";
				SDKROOT = macosx;
				SWIFT_OPTIMIZATION_LEVEL = "-Onone";
				SWIFT_VERSION = 3.0;
			};
			name = Debug;
		};
		1808B1771C4575AA0036E924 /* Release */ = {
			isa = XCBuildConfiguration;
			buildSettings = {
				ALWAYS_SEARCH_USER_PATHS = NO;
				CLANG_CXX_LANGUAGE_STANDARD = "gnu++0x";
				CLANG_CXX_LIBRARY = "libc++";
				CLANG_ENABLE_MODULES = YES;
				CLANG_ENABLE_OBJC_ARC = YES;
				CLANG_WARN_BOOL_CONVERSION = YES;
				CLANG_WARN_CONSTANT_CONVERSION = YES;
				CLANG_WARN_DIRECT_OBJC_ISA_USAGE = YES_ERROR;
				CLANG_WARN_EMPTY_BODY = YES;
				CLANG_WARN_ENUM_CONVERSION = YES;
				CLANG_WARN_INFINITE_RECURSION = YES;
				CLANG_WARN_INT_CONVERSION = YES;
				CLANG_WARN_OBJC_ROOT_CLASS = YES_ERROR;
				CLANG_WARN_SUSPICIOUS_MOVE = YES;
				CLANG_WARN_UNREACHABLE_CODE = YES;
				CLANG_WARN__DUPLICATE_METHOD_MATCH = YES;
				CODE_SIGN_IDENTITY = "-";
				COPY_PHASE_STRIP = NO;
				DEBUG_INFORMATION_FORMAT = "dwarf-with-dsym";
				ENABLE_NS_ASSERTIONS = NO;
				ENABLE_STRICT_OBJC_MSGSEND = YES;
				GCC_C_LANGUAGE_STANDARD = gnu99;
				GCC_NO_COMMON_BLOCKS = YES;
				GCC_PREPROCESSOR_DEFINITIONS = "";
				GCC_WARN_64_TO_32_BIT_CONVERSION = YES;
				GCC_WARN_ABOUT_RETURN_TYPE = YES_ERROR;
				GCC_WARN_UNDECLARED_SELECTOR = YES;
				GCC_WARN_UNINITIALIZED_AUTOS = YES_AGGRESSIVE;
				GCC_WARN_UNUSED_FUNCTION = YES;
				GCC_WARN_UNUSED_VARIABLE = YES;
				LD_RUNPATH_SEARCH_PATHS = "@executable_path/../Frameworks";
				MACOSX_DEPLOYMENT_TARGET = 10.11;
				MTL_ENABLE_DEBUG_INFO = NO;
				OTHER_CODE_SIGN_FLAGS = "--deep";
				SDKROOT = macosx;
				SWIFT_OPTIMIZATION_LEVEL = "-Owholemodule";
				SWIFT_VERSION = 3.0;
			};
			name = Release;
		};
		1808B1791C4575AA0036E924 /* Debug */ = {
			isa = XCBuildConfiguration;
			buildSettings = {
				ALWAYS_EMBED_SWIFT_STANDARD_LIBRARIES = YES;
				CLANG_ENABLE_MODULES = YES;
				COMBINE_HIDPI_IMAGES = YES;
				FRAMEWORK_SEARCH_PATHS = (
					"$(inherit)",
					"$(SRCROOT)",
				);
				INFOPLIST_FILE = "Source/Supporting Files/Info.plist";
				LD_RUNPATH_SEARCH_PATHS = "$(inherited) @executable_path/../Frameworks/CuckooGeneratorFramework.framework/Versions/Current/Frameworks @executable_path/../Frameworks";
				PRODUCT_BUNDLE_IDENTIFIER = org.brightify.CuckooGenerator;
				PRODUCT_NAME = cuckoo_generator;
				SWIFT_OPTIMIZATION_LEVEL = "-Onone";
			};
			name = Debug;
		};
		1808B17A1C4575AA0036E924 /* Release */ = {
			isa = XCBuildConfiguration;
			buildSettings = {
				ALWAYS_EMBED_SWIFT_STANDARD_LIBRARIES = YES;
				CLANG_ENABLE_MODULES = YES;
				COMBINE_HIDPI_IMAGES = YES;
				FRAMEWORK_SEARCH_PATHS = (
					"$(inherit)",
					"$(SRCROOT)",
				);
				INFOPLIST_FILE = "Source/Supporting Files/Info.plist";
				LD_RUNPATH_SEARCH_PATHS = "$(inherited) @executable_path/../Frameworks/CuckooGeneratorFramework.framework/Versions/Current/Frameworks @executable_path/../Frameworks";
				PRODUCT_BUNDLE_IDENTIFIER = org.brightify.CuckooGenerator;
				PRODUCT_NAME = cuckoo_generator;
			};
			name = Release;
		};
		18E16D7E1C45D8280084EF54 /* Debug */ = {
			isa = XCBuildConfiguration;
			buildSettings = {
				ALWAYS_EMBED_SWIFT_STANDARD_LIBRARIES = YES;
				CODE_SIGN_IDENTITY = "";
				COMBINE_HIDPI_IMAGES = YES;
				CURRENT_PROJECT_VERSION = 1;
				DEFINES_MODULE = YES;
				DYLIB_COMPATIBILITY_VERSION = 1;
				DYLIB_CURRENT_VERSION = 1;
				DYLIB_INSTALL_NAME_BASE = "@rpath";
				FRAMEWORK_SEARCH_PATHS = "$(inherited)";
				FRAMEWORK_VERSION = A;
				INFOPLIST_FILE = "Source/CuckooGeneratorFramework/Supporting Files/Info.plist";
				INSTALL_PATH = "$(LOCAL_LIBRARY_DIR)/Frameworks";
				LD_RUNPATH_SEARCH_PATHS = "$(inherited) @executable_path/../Frameworks @loader_path/Frameworks";
				PRODUCT_BUNDLE_IDENTIFIER = org.brightify.CuckooGeneratorFramework;
				PRODUCT_NAME = CuckooGeneratorFramework;
				SKIP_INSTALL = YES;
				VERSIONING_SYSTEM = "apple-generic";
				VERSION_INFO_PREFIX = "";
			};
			name = Debug;
		};
		18E16D7F1C45D8280084EF54 /* Release */ = {
			isa = XCBuildConfiguration;
			buildSettings = {
				ALWAYS_EMBED_SWIFT_STANDARD_LIBRARIES = YES;
				CODE_SIGN_IDENTITY = "";
				COMBINE_HIDPI_IMAGES = YES;
				CURRENT_PROJECT_VERSION = 1;
				DEFINES_MODULE = YES;
				DYLIB_COMPATIBILITY_VERSION = 1;
				DYLIB_CURRENT_VERSION = 1;
				DYLIB_INSTALL_NAME_BASE = "@rpath";
				FRAMEWORK_SEARCH_PATHS = "$(inherited)";
				FRAMEWORK_VERSION = A;
				INFOPLIST_FILE = "Source/CuckooGeneratorFramework/Supporting Files/Info.plist";
				INSTALL_PATH = "$(LOCAL_LIBRARY_DIR)/Frameworks";
				LD_RUNPATH_SEARCH_PATHS = "$(inherited) @executable_path/../Frameworks @loader_path/Frameworks";
				PRODUCT_BUNDLE_IDENTIFIER = org.brightify.CuckooGeneratorFramework;
				PRODUCT_NAME = CuckooGeneratorFramework;
				SKIP_INSTALL = YES;
				VERSIONING_SYSTEM = "apple-generic";
				VERSION_INFO_PREFIX = "";
			};
			name = Release;
		};
/* End XCBuildConfiguration section */

/* Begin XCConfigurationList section */
		1808B15B1C4575AA0036E924 /* Build configuration list for PBXProject "CuckooGenerator" */ = {
			isa = XCConfigurationList;
			buildConfigurations = (
				1808B1761C4575AA0036E924 /* Debug */,
				1808B1771C4575AA0036E924 /* Release */,
			);
			defaultConfigurationIsVisible = 0;
			defaultConfigurationName = Release;
		};
		1808B1781C4575AA0036E924 /* Build configuration list for PBXNativeTarget "CuckooGenerator" */ = {
			isa = XCConfigurationList;
			buildConfigurations = (
				1808B1791C4575AA0036E924 /* Debug */,
				1808B17A1C4575AA0036E924 /* Release */,
			);
			defaultConfigurationIsVisible = 0;
			defaultConfigurationName = Release;
		};
		18E16D7D1C45D8280084EF54 /* Build configuration list for PBXNativeTarget "CuckooGeneratorFramework" */ = {
			isa = XCConfigurationList;
			buildConfigurations = (
				18E16D7E1C45D8280084EF54 /* Debug */,
				18E16D7F1C45D8280084EF54 /* Release */,
			);
			defaultConfigurationIsVisible = 0;
			defaultConfigurationName = Release;
		};
/* End XCConfigurationList section */
	};
	rootObject = 1808B1581C4575AA0036E924 /* Project object */;
}
